
Microsoft Visual Studio Solution File, Format Version 12.00
Project("{8BC9CEB8-8B4A-11D0-8D11-00A0C91BC942}") = "lcpp_firstProgram", "lcpp_firstProgram\lcpp_firstProgram.vcxproj", "{60D1D29F-DCF3-4580-A3D0-9AD18B984EED}"
EndProject
Global
	GlobalSection(SolutionConfigurationPlatforms) = preSolution
		Debug|Win32 = Debug|Win32
		Debug|x64 = Debug|x64
		Release|Win32 = Release|Win32
		Release|x64 = Release|x64
	EndGlobalSection
	GlobalSection(ProjectConfigurationPlatforms) = postSolution
		{60D1D29F-DCF3-4580-A3D0-9AD18B984EED}.Debug|Win32.ActiveCfg = Debug|Win32
		{60D1D29F-DCF3-4580-A3D0-9AD18B984EED}.Debug|Win32.Build.0 = Debug|Win32
		{60D1D29F-DCF3-4580-A3D0-9AD18B984EED}.Debug|x64.ActiveCfg = Debug|x64
		{60D1D29F-DCF3-4580-A3D0-9AD18B984EED}.Debug|x64.Build.0 = Debug|x64
		{60D1D29F-DCF3-4580-A3D0-9AD18B984EED}.Release|Win32.ActiveCfg = Release|Win32
		{60D1D29F-DCF3-4580-A3D0-9AD18B984EED}.Release|Win32.Build.0 = Release|Win32
		{60D1D29F-DCF3-4580-A3D0-9AD18B984EED}.Release|x64.ActiveCfg = Release|x64
		{60D1D29F-DCF3-4580-A3D0-9AD18B984EED}.Release|x64.Build.0 = Release|x64
	EndGlobalSection
EndGlobal
